<Solution>
  <Folder Name="/docs/">
    <Folder Name="/docs/spec/">
      <File Path="docs/spec/Fase 3 Monitoramento - Matérias e Aula.md" />
      <File Path="docs/spec/Plano-Desenvolvimento-TechChallenge-Fase3.md" />
      <File Path="docs/spec/Trabalho Sub TechChallenge SOAT - Fase 3.md" />
    </Folder>
  </Folder>
  <Folder Name="/Solution Items/">
    <File Path=".env" />
    <File Path="docker-compose.yml" />
    <File Path="otel-collector-config.yaml" />
    <File Path="README.md" />
  </Folder>
  <Folder Name="/src/">
    <Project Path="src/AutoSale.Vehicles.Api/AutoSale.Vehicles.Api.csproj" />
    <Project Path="src/AutoSale.Vehicles.Application/AutoSale.Vehicles.Application.csproj" />
    <Project Path="src/AutoSale.Vehicles.Domain/AutoSale.Vehicles.Domain.csproj" />
    <Project Path="src/AutoSale.Vehicles.Infrastructure/AutoSale.Vehicles.Infrastructure.csproj" />
  </Folder>
  <Folder Name="/src/BuildingBlocks/">
    <Project Path="src/BuildingBlocks/AutoSale.SharedKernel/AutoSale.SharedKernel.csproj" />
  </Folder>
  <Folder Name="/tests/">
    <Project Path="tests/AutoSale.Vehicles.Api.IntegrationTests/AutoSale.Vehicles.Api.IntegrationTests.csproj">
      <Build Solution="Debug|*" Project="false" />
    </Project>
    <Project Path="tests/AutoSale.Vehicles.Api.UnitTests/AutoSale.Vehicles.Api.UnitTests.csproj">
      <Build Solution="Debug|*" Project="false" />
    </Project>
    <Project Path="tests/AutoSale.Vehicles.Application.UnitTests/AutoSale.Vehicles.Application.UnitTests.csproj">
      <Build Solution="Debug|*" Project="false" />
    </Project>
    <Project Path="tests/AutoSale.Vehicles.ArchitectureTests/AutoSale.Vehicles.ArchitectureTests.csproj">
      <Build Solution="Debug|*" Project="false" />
    </Project>
    <Project Path="tests/AutoSale.Vehicles.Domain.UnitTests/AutoSale.Vehicles.Domain.UnitTests.csproj">
      <Build Solution="Debug|*" Project="false" />
    </Project>
    <Project Path="tests/AutoSale.Vehicles.Infrastructure.UnitTests/AutoSale.Vehicles.Infrastructure.UnitTests.csproj">
      <Build Solution="Debug|*" Project="false" />
    </Project>
  </Folder>
</Solution>
